
Microsoft Visual Studio Solution File, Format Version 12.00
# Visual Studio Version 17
VisualStudioVersion = 17.4.33213.308
MinimumVisualStudioVersion = 10.0.40219.1
Project("{FAE04EC0-301F-11D3-BF4B-00C04F79EFBC}") = "EntityFrameworkpractice", "EntityFrameworkpractice\EntityFrameworkpractice.csproj", "{548D9173-415F-4DFB-9A6E-408A8C58C25A}"
EndProject
Global
	GlobalSection(SolutionConfigurationPlatforms) = preSolution
		Debug|Any CPU = Debug|Any CPU
		Release|Any CPU = Release|Any CPU
	EndGlobalSection
	GlobalSection(ProjectConfigurationPlatforms) = postSolution
		{548D9173-415F-4DFB-9A6E-408A8C58C25A}.Debug|Any CPU.ActiveCfg = Debug|Any CPU
		{548D9173-415F-4DFB-9A6E-408A8C58C25A}.Debug|Any CPU.Build.0 = Debug|Any CPU
		{548D9173-415F-4DFB-9A6E-408A8C58C25A}.Release|Any CPU.ActiveCfg = Release|Any CPU
		{548D9173-415F-4DFB-9A6E-408A8C58C25A}.Release|Any CPU.Build.0 = Release|Any CPU
	EndGlobalSection
	GlobalSection(SolutionProperties) = preSolution
		HideSolutionNode = FALSE
	EndGlobalSection
	GlobalSection(ExtensibilityGlobals) = postSolution
		SolutionGuid = {80DDB9D2-7166-40BC-9A3A-6663609CABE9}
	EndGlobalSection
EndGlobal
